<?xml version="1.0" encoding="utf-8"?>
<Project ToolsVersion="16.0" xmlns="http://schemas.microsoft.com/developer/msbuild/2003">
  <ItemGroup>
    <ClCompile Include="C:\Users\Scott\hermes\unittests\BCGen\BytecodeFileFormatTest.cpp">
      <Filter>Source Files</Filter>
    </ClCompile>
    <ClCompile Include="C:\Users\Scott\hermes\unittests\BCGen\BytecodeFormConverterTest.cpp">
      <Filter>Source Files</Filter>
    </ClCompile>
    <ClCompile Include="C:\Users\Scott\hermes\unittests\BCGen\RATest.cpp">
      <Filter>Source Files</Filter>
    </ClCompile>
    <ClCompile Include="C:\Users\Scott\hermes\unittests\BCGen\SupportTest.cpp">
      <Filter>Source Files</Filter>
    </ClCompile>
    <ClCompile Include="C:\Users\Scott\hermes\unittests\BCGen\TestHelpers.cpp">
      <Filter>Source Files</Filter>
    </ClCompile>
    <ClCompile Include="C:\Users\Scott\hermes\unittests\BCGen\HBC.cpp">
      <Filter>Source Files</Filter>
    </ClCompile>
    <ClCompile Include="C:\Users\Scott\hermes\unittests\BCGen\DebugInfo.cpp">
      <Filter>Source Files</Filter>
    </ClCompile>
  </ItemGroup>
  <ItemGroup>
    <CustomBuild Include="C:\Users\Scott\hermes\unittests\BCGen\CMakeLists.txt" />
  </ItemGroup>
  <ItemGroup>
    <Filter Include="Source Files">
      <UniqueIdentifier>{610AFD33-EAB1-3669-92D9-03E7BCB2FE10}</UniqueIdentifier>
    </Filter>
  </ItemGroup>
</Project>
