<?xml version="1.0" encoding="utf-8"?>
<Project ToolsVersion="16.0" xmlns="http://schemas.microsoft.com/developer/msbuild/2003">
  <ItemGroup>
    <CustomBuild Include="C:\Users\Scott\build_release\CMakeFiles\3a1a2a8a96a5048b84c1fd5b7069d33e\INSTALL_force.rule">
      <Filter>CMake Rules</Filter>
    </CustomBuild>
  </ItemGroup>
  <ItemGroup>
    <Filter Include="CMake Rules">
      <UniqueIdentifier>{B3137006-1AB1-39CB-90B1-DB3B83F94274}</UniqueIdentifier>
    </Filter>
  </ItemGroup>
</Project>
